
Microsoft Visual Studio Solution File, Format Version 12.00
# Visual Studio 15
VisualStudioVersion = 15.0.28307.539
MinimumVisualStudioVersion = 10.0.40219.1
Project("{FAE04EC0-301F-11D3-BF4B-00C04F79EFBC}") = "LearnSmartGmbhService", "LearnSmartGmbhService\LearnSmartGmbhService.csproj", "{70D07240-68B4-4334-9F6A-74DDF6638EB5}"
EndProject
Project("{930C7802-8A8C-48F9-8165-68863BCCD9DD}") = "LearnSmartGmbHInstaller", "LearnSmartGmbHInstaller\LearnSmartGmbHInstaller.wixproj", "{C473FCF1-0A66-47FB-B1CD-13729DBB5045}"
EndProject
Project("{FAE04EC0-301F-11D3-BF4B-00C04F79EFBC}") = "LearnSmartGmbHEditor", "LearnSmartGmbHEditor\LearnSmartGmbHEditor.csproj", "{0759E274-A3D1-45A0-8F9A-B5A5B8B69A70}"
EndProject
Global
	GlobalSection(SolutionConfigurationPlatforms) = preSolution
		Debug|Any CPU = Debug|Any CPU
		Debug|x86 = Debug|x86
		Release|Any CPU = Release|Any CPU
		Release|x86 = Release|x86
	EndGlobalSection
	GlobalSection(ProjectConfigurationPlatforms) = postSolution
		{70D07240-68B4-4334-9F6A-74DDF6638EB5}.Debug|Any CPU.ActiveCfg = Debug|Any CPU
		{70D07240-68B4-4334-9F6A-74DDF6638EB5}.Debug|Any CPU.Build.0 = Debug|Any CPU
		{70D07240-68B4-4334-9F6A-74DDF6638EB5}.Debug|x86.ActiveCfg = Debug|Any CPU
		{70D07240-68B4-4334-9F6A-74DDF6638EB5}.Debug|x86.Build.0 = Debug|Any CPU
		{70D07240-68B4-4334-9F6A-74DDF6638EB5}.Release|Any CPU.ActiveCfg = Release|Any CPU
		{70D07240-68B4-4334-9F6A-74DDF6638EB5}.Release|Any CPU.Build.0 = Release|Any CPU
		{70D07240-68B4-4334-9F6A-74DDF6638EB5}.Release|x86.ActiveCfg = Release|Any CPU
		{70D07240-68B4-4334-9F6A-74DDF6638EB5}.Release|x86.Build.0 = Release|Any CPU
		{C473FCF1-0A66-47FB-B1CD-13729DBB5045}.Debug|Any CPU.ActiveCfg = Debug|x86
		{C473FCF1-0A66-47FB-B1CD-13729DBB5045}.Debug|x86.ActiveCfg = Debug|x86
		{C473FCF1-0A66-47FB-B1CD-13729DBB5045}.Debug|x86.Build.0 = Debug|x86
		{C473FCF1-0A66-47FB-B1CD-13729DBB5045}.Release|Any CPU.ActiveCfg = Release|x86
		{C473FCF1-0A66-47FB-B1CD-13729DBB5045}.Release|x86.ActiveCfg = Release|x86
		{C473FCF1-0A66-47FB-B1CD-13729DBB5045}.Release|x86.Build.0 = Release|x86
		{0759E274-A3D1-45A0-8F9A-B5A5B8B69A70}.Debug|Any CPU.ActiveCfg = Debug|Any CPU
		{0759E274-A3D1-45A0-8F9A-B5A5B8B69A70}.Debug|Any CPU.Build.0 = Debug|Any CPU
		{0759E274-A3D1-45A0-8F9A-B5A5B8B69A70}.Debug|x86.ActiveCfg = Debug|Any CPU
		{0759E274-A3D1-45A0-8F9A-B5A5B8B69A70}.Debug|x86.Build.0 = Debug|Any CPU
		{0759E274-A3D1-45A0-8F9A-B5A5B8B69A70}.Release|Any CPU.ActiveCfg = Release|Any CPU
		{0759E274-A3D1-45A0-8F9A-B5A5B8B69A70}.Release|Any CPU.Build.0 = Release|Any CPU
		{0759E274-A3D1-45A0-8F9A-B5A5B8B69A70}.Release|x86.ActiveCfg = Release|Any CPU
		{0759E274-A3D1-45A0-8F9A-B5A5B8B69A70}.Release|x86.Build.0 = Release|Any CPU
	EndGlobalSection
	GlobalSection(SolutionProperties) = preSolution
		HideSolutionNode = FALSE
	EndGlobalSection
	GlobalSection(ExtensibilityGlobals) = postSolution
		SolutionGuid = {1C3C9F2C-74FA-4740-83E3-17935F6D0A3A}
	EndGlobalSection
EndGlobal
